
Microsoft Visual Studio Solution File, Format Version 12.00
# Visual Studio Version 16
VisualStudioVersion = 16.0.29403.142
MinimumVisualStudioVersion = 15.0.26124.0
Project("{9A19103F-16F7-4668-BE54-9A1E7A4F7556}") = "DockerGui", "service\DockerGui.csproj", "{E8FCA817-8C4F-4CE8-B536-272C7D22BB06}"
EndProject
Project("{9A19103F-16F7-4668-BE54-9A1E7A4F7556}") = "Docker.DotNet", "source\src\Docker.DotNet\Docker.DotNet.csproj", "{23D028D3-E2E1-4421-9457-B5A9CF545844}"
EndProject
Global
	GlobalSection(SolutionConfigurationPlatforms) = preSolution
		Debug|Any CPU = Debug|Any CPU
		Debug|x64 = Debug|x64
		Debug|x86 = Debug|x86
		Release|Any CPU = Release|Any CPU
		Release|x64 = Release|x64
		Release|x86 = Release|x86
	EndGlobalSection
	GlobalSection(ProjectConfigurationPlatforms) = postSolution
		{E8FCA817-8C4F-4CE8-B536-272C7D22BB06}.Debug|Any CPU.ActiveCfg = Debug|Any CPU
		{E8FCA817-8C4F-4CE8-B536-272C7D22BB06}.Debug|Any CPU.Build.0 = Debug|Any CPU
		{E8FCA817-8C4F-4CE8-B536-272C7D22BB06}.Debug|x64.ActiveCfg = Debug|Any CPU
		{E8FCA817-8C4F-4CE8-B536-272C7D22BB06}.Debug|x64.Build.0 = Debug|Any CPU
		{E8FCA817-8C4F-4CE8-B536-272C7D22BB06}.Debug|x86.ActiveCfg = Debug|Any CPU
		{E8FCA817-8C4F-4CE8-B536-272C7D22BB06}.Debug|x86.Build.0 = Debug|Any CPU
		{E8FCA817-8C4F-4CE8-B536-272C7D22BB06}.Release|Any CPU.ActiveCfg = Release|Any CPU
		{E8FCA817-8C4F-4CE8-B536-272C7D22BB06}.Release|Any CPU.Build.0 = Release|Any CPU
		{E8FCA817-8C4F-4CE8-B536-272C7D22BB06}.Release|x64.ActiveCfg = Release|Any CPU
		{E8FCA817-8C4F-4CE8-B536-272C7D22BB06}.Release|x64.Build.0 = Release|Any CPU
		{E8FCA817-8C4F-4CE8-B536-272C7D22BB06}.Release|x86.ActiveCfg = Release|Any CPU
		{E8FCA817-8C4F-4CE8-B536-272C7D22BB06}.Release|x86.Build.0 = Release|Any CPU
		{23D028D3-E2E1-4421-9457-B5A9CF545844}.Debug|Any CPU.ActiveCfg = Debug|Any CPU
		{23D028D3-E2E1-4421-9457-B5A9CF545844}.Debug|Any CPU.Build.0 = Debug|Any CPU
		{23D028D3-E2E1-4421-9457-B5A9CF545844}.Debug|x64.ActiveCfg = Debug|Any CPU
		{23D028D3-E2E1-4421-9457-B5A9CF545844}.Debug|x64.Build.0 = Debug|Any CPU
		{23D028D3-E2E1-4421-9457-B5A9CF545844}.Debug|x86.ActiveCfg = Debug|Any CPU
		{23D028D3-E2E1-4421-9457-B5A9CF545844}.Debug|x86.Build.0 = Debug|Any CPU
		{23D028D3-E2E1-4421-9457-B5A9CF545844}.Release|Any CPU.ActiveCfg = Release|Any CPU
		{23D028D3-E2E1-4421-9457-B5A9CF545844}.Release|Any CPU.Build.0 = Release|Any CPU
		{23D028D3-E2E1-4421-9457-B5A9CF545844}.Release|x64.ActiveCfg = Release|Any CPU
		{23D028D3-E2E1-4421-9457-B5A9CF545844}.Release|x64.Build.0 = Release|Any CPU
		{23D028D3-E2E1-4421-9457-B5A9CF545844}.Release|x86.ActiveCfg = Release|Any CPU
		{23D028D3-E2E1-4421-9457-B5A9CF545844}.Release|x86.Build.0 = Release|Any CPU
	EndGlobalSection
	GlobalSection(SolutionProperties) = preSolution
		HideSolutionNode = FALSE
	EndGlobalSection
	GlobalSection(ExtensibilityGlobals) = postSolution
		SolutionGuid = {AAB7D0DF-DFED-43CB-8EBC-88D09F1B0348}
	EndGlobalSection
EndGlobal
