
Microsoft Visual Studio Solution File, Format Version 12.00
# Visual Studio Version 16
VisualStudioVersion = 16.0.29403.142
MinimumVisualStudioVersion = 15.0.26124.0
Project("{9A19103F-16F7-4668-BE54-9A1E7A4F7556}") = "Docker.DotNet", "source\src\Docker.DotNet\Docker.DotNet.csproj", "{23D028D3-E2E1-4421-9457-B5A9CF545844}"
EndProject
Project("{9A19103F-16F7-4668-BE54-9A1E7A4F7556}") = "DockerGui.Core", "service\1-Core\DockerGui.Core\DockerGui.Core.csproj", "{FA2C5B9E-7245-42DA-9FF5-94A481DC0746}"
EndProject
Project("{9A19103F-16F7-4668-BE54-9A1E7A4F7556}") = "DockerGui.EfCore", "service\2-Repository\DockerGui.EfCore\DockerGui.EfCore.csproj", "{29CCC377-C748-4D58-B5C1-C5EB16911DCA}"
EndProject
Project("{9A19103F-16F7-4668-BE54-9A1E7A4F7556}") = "DockerGui.Redis", "service\2-Repository\DockerGui.Redis\DockerGui.Redis.csproj", "{F534FB34-4244-40EE-B7CB-249889F866C9}"
EndProject
Project("{2150E333-8FDC-42A3-9474-1A3956D46DE8}") = "0-Application", "0-Application", "{AEDC7DE7-3825-4395-B598-87484B5324E7}"
EndProject
Project("{2150E333-8FDC-42A3-9474-1A3956D46DE8}") = "2-Repository", "2-Repository", "{3B33E333-0758-49E3-AD59-803184E9D9E1}"
EndProject
Project("{2150E333-8FDC-42A3-9474-1A3956D46DE8}") = "1-Core", "1-Core", "{CEB4C9F8-AD24-4C66-BE0F-1D1DCC484373}"
EndProject
Project("{9A19103F-16F7-4668-BE54-9A1E7A4F7556}") = "DockerGui.Application", "service\0-Applocation\DockerGui.Application\DockerGui.Application.csproj", "{D0859B45-2B3D-4336-9F0C-7EF06C74067E}"
EndProject
Project("{9A19103F-16F7-4668-BE54-9A1E7A4F7556}") = "DockerGui.Host", "service\0-Applocation\DockerGui.Host\DockerGui.Host.csproj", "{8F05F96E-8D6A-4839-A015-5C92D1116F48}"
EndProject
Project("{2150E333-8FDC-42A3-9474-1A3956D46DE8}") = "3-Infrastructure", "3-Infrastructure", "{C0822CE1-49C9-4E79-B7A4-6EB3D65E9774}"
EndProject
Project("{9A19103F-16F7-4668-BE54-9A1E7A4F7556}") = "DockerGui.Infrastructure", "service\3-Infrastructure\DockerGui.Infrastructure\DockerGui.Infrastructure.csproj", "{35D60586-B7A8-44C1-B3AF-5ACF8F3DC6E9}"
EndProject
Project("{9A19103F-16F7-4668-BE54-9A1E7A4F7556}") = "DockerGui.Tools", "service\3-Infrastructure\DockerGui.Tools\DockerGui.Tools.csproj", "{0E6E3328-9255-499E-9C48-26DE3F3E59FE}"
EndProject
Global
	GlobalSection(SolutionConfigurationPlatforms) = preSolution
		Debug|Any CPU = Debug|Any CPU
		Debug|x64 = Debug|x64
		Debug|x86 = Debug|x86
		Release|Any CPU = Release|Any CPU
		Release|x64 = Release|x64
		Release|x86 = Release|x86
	EndGlobalSection
	GlobalSection(ProjectConfigurationPlatforms) = postSolution
		{23D028D3-E2E1-4421-9457-B5A9CF545844}.Debug|Any CPU.ActiveCfg = Debug|Any CPU
		{23D028D3-E2E1-4421-9457-B5A9CF545844}.Debug|Any CPU.Build.0 = Debug|Any CPU
		{23D028D3-E2E1-4421-9457-B5A9CF545844}.Debug|x64.ActiveCfg = Debug|Any CPU
		{23D028D3-E2E1-4421-9457-B5A9CF545844}.Debug|x64.Build.0 = Debug|Any CPU
		{23D028D3-E2E1-4421-9457-B5A9CF545844}.Debug|x86.ActiveCfg = Debug|Any CPU
		{23D028D3-E2E1-4421-9457-B5A9CF545844}.Debug|x86.Build.0 = Debug|Any CPU
		{23D028D3-E2E1-4421-9457-B5A9CF545844}.Release|Any CPU.ActiveCfg = Release|Any CPU
		{23D028D3-E2E1-4421-9457-B5A9CF545844}.Release|Any CPU.Build.0 = Release|Any CPU
		{23D028D3-E2E1-4421-9457-B5A9CF545844}.Release|x64.ActiveCfg = Release|Any CPU
		{23D028D3-E2E1-4421-9457-B5A9CF545844}.Release|x64.Build.0 = Release|Any CPU
		{23D028D3-E2E1-4421-9457-B5A9CF545844}.Release|x86.ActiveCfg = Release|Any CPU
		{23D028D3-E2E1-4421-9457-B5A9CF545844}.Release|x86.Build.0 = Release|Any CPU
		{FA2C5B9E-7245-42DA-9FF5-94A481DC0746}.Debug|Any CPU.ActiveCfg = Debug|Any CPU
		{FA2C5B9E-7245-42DA-9FF5-94A481DC0746}.Debug|Any CPU.Build.0 = Debug|Any CPU
		{FA2C5B9E-7245-42DA-9FF5-94A481DC0746}.Debug|x64.ActiveCfg = Debug|Any CPU
		{FA2C5B9E-7245-42DA-9FF5-94A481DC0746}.Debug|x64.Build.0 = Debug|Any CPU
		{FA2C5B9E-7245-42DA-9FF5-94A481DC0746}.Debug|x86.ActiveCfg = Debug|Any CPU
		{FA2C5B9E-7245-42DA-9FF5-94A481DC0746}.Debug|x86.Build.0 = Debug|Any CPU
		{FA2C5B9E-7245-42DA-9FF5-94A481DC0746}.Release|Any CPU.ActiveCfg = Release|Any CPU
		{FA2C5B9E-7245-42DA-9FF5-94A481DC0746}.Release|Any CPU.Build.0 = Release|Any CPU
		{FA2C5B9E-7245-42DA-9FF5-94A481DC0746}.Release|x64.ActiveCfg = Release|Any CPU
		{FA2C5B9E-7245-42DA-9FF5-94A481DC0746}.Release|x64.Build.0 = Release|Any CPU
		{FA2C5B9E-7245-42DA-9FF5-94A481DC0746}.Release|x86.ActiveCfg = Release|Any CPU
		{FA2C5B9E-7245-42DA-9FF5-94A481DC0746}.Release|x86.Build.0 = Release|Any CPU
		{29CCC377-C748-4D58-B5C1-C5EB16911DCA}.Debug|Any CPU.ActiveCfg = Debug|Any CPU
		{29CCC377-C748-4D58-B5C1-C5EB16911DCA}.Debug|Any CPU.Build.0 = Debug|Any CPU
		{29CCC377-C748-4D58-B5C1-C5EB16911DCA}.Debug|x64.ActiveCfg = Debug|Any CPU
		{29CCC377-C748-4D58-B5C1-C5EB16911DCA}.Debug|x64.Build.0 = Debug|Any CPU
		{29CCC377-C748-4D58-B5C1-C5EB16911DCA}.Debug|x86.ActiveCfg = Debug|Any CPU
		{29CCC377-C748-4D58-B5C1-C5EB16911DCA}.Debug|x86.Build.0 = Debug|Any CPU
		{29CCC377-C748-4D58-B5C1-C5EB16911DCA}.Release|Any CPU.ActiveCfg = Release|Any CPU
		{29CCC377-C748-4D58-B5C1-C5EB16911DCA}.Release|Any CPU.Build.0 = Release|Any CPU
		{29CCC377-C748-4D58-B5C1-C5EB16911DCA}.Release|x64.ActiveCfg = Release|Any CPU
		{29CCC377-C748-4D58-B5C1-C5EB16911DCA}.Release|x64.Build.0 = Release|Any CPU
		{29CCC377-C748-4D58-B5C1-C5EB16911DCA}.Release|x86.ActiveCfg = Release|Any CPU
		{29CCC377-C748-4D58-B5C1-C5EB16911DCA}.Release|x86.Build.0 = Release|Any CPU
		{F534FB34-4244-40EE-B7CB-249889F866C9}.Debug|Any CPU.ActiveCfg = Debug|Any CPU
		{F534FB34-4244-40EE-B7CB-249889F866C9}.Debug|Any CPU.Build.0 = Debug|Any CPU
		{F534FB34-4244-40EE-B7CB-249889F866C9}.Debug|x64.ActiveCfg = Debug|Any CPU
		{F534FB34-4244-40EE-B7CB-249889F866C9}.Debug|x64.Build.0 = Debug|Any CPU
		{F534FB34-4244-40EE-B7CB-249889F866C9}.Debug|x86.ActiveCfg = Debug|Any CPU
		{F534FB34-4244-40EE-B7CB-249889F866C9}.Debug|x86.Build.0 = Debug|Any CPU
		{F534FB34-4244-40EE-B7CB-249889F866C9}.Release|Any CPU.ActiveCfg = Release|Any CPU
		{F534FB34-4244-40EE-B7CB-249889F866C9}.Release|Any CPU.Build.0 = Release|Any CPU
		{F534FB34-4244-40EE-B7CB-249889F866C9}.Release|x64.ActiveCfg = Release|Any CPU
		{F534FB34-4244-40EE-B7CB-249889F866C9}.Release|x64.Build.0 = Release|Any CPU
		{F534FB34-4244-40EE-B7CB-249889F866C9}.Release|x86.ActiveCfg = Release|Any CPU
		{F534FB34-4244-40EE-B7CB-249889F866C9}.Release|x86.Build.0 = Release|Any CPU
		{D0859B45-2B3D-4336-9F0C-7EF06C74067E}.Debug|Any CPU.ActiveCfg = Debug|Any CPU
		{D0859B45-2B3D-4336-9F0C-7EF06C74067E}.Debug|Any CPU.Build.0 = Debug|Any CPU
		{D0859B45-2B3D-4336-9F0C-7EF06C74067E}.Debug|x64.ActiveCfg = Debug|Any CPU
		{D0859B45-2B3D-4336-9F0C-7EF06C74067E}.Debug|x64.Build.0 = Debug|Any CPU
		{D0859B45-2B3D-4336-9F0C-7EF06C74067E}.Debug|x86.ActiveCfg = Debug|Any CPU
		{D0859B45-2B3D-4336-9F0C-7EF06C74067E}.Debug|x86.Build.0 = Debug|Any CPU
		{D0859B45-2B3D-4336-9F0C-7EF06C74067E}.Release|Any CPU.ActiveCfg = Release|Any CPU
		{D0859B45-2B3D-4336-9F0C-7EF06C74067E}.Release|Any CPU.Build.0 = Release|Any CPU
		{D0859B45-2B3D-4336-9F0C-7EF06C74067E}.Release|x64.ActiveCfg = Release|Any CPU
		{D0859B45-2B3D-4336-9F0C-7EF06C74067E}.Release|x64.Build.0 = Release|Any CPU
		{D0859B45-2B3D-4336-9F0C-7EF06C74067E}.Release|x86.ActiveCfg = Release|Any CPU
		{D0859B45-2B3D-4336-9F0C-7EF06C74067E}.Release|x86.Build.0 = Release|Any CPU
		{8F05F96E-8D6A-4839-A015-5C92D1116F48}.Debug|Any CPU.ActiveCfg = Debug|Any CPU
		{8F05F96E-8D6A-4839-A015-5C92D1116F48}.Debug|Any CPU.Build.0 = Debug|Any CPU
		{8F05F96E-8D6A-4839-A015-5C92D1116F48}.Debug|x64.ActiveCfg = Debug|Any CPU
		{8F05F96E-8D6A-4839-A015-5C92D1116F48}.Debug|x64.Build.0 = Debug|Any CPU
		{8F05F96E-8D6A-4839-A015-5C92D1116F48}.Debug|x86.ActiveCfg = Debug|Any CPU
		{8F05F96E-8D6A-4839-A015-5C92D1116F48}.Debug|x86.Build.0 = Debug|Any CPU
		{8F05F96E-8D6A-4839-A015-5C92D1116F48}.Release|Any CPU.ActiveCfg = Release|Any CPU
		{8F05F96E-8D6A-4839-A015-5C92D1116F48}.Release|Any CPU.Build.0 = Release|Any CPU
		{8F05F96E-8D6A-4839-A015-5C92D1116F48}.Release|x64.ActiveCfg = Release|Any CPU
		{8F05F96E-8D6A-4839-A015-5C92D1116F48}.Release|x64.Build.0 = Release|Any CPU
		{8F05F96E-8D6A-4839-A015-5C92D1116F48}.Release|x86.ActiveCfg = Release|Any CPU
		{8F05F96E-8D6A-4839-A015-5C92D1116F48}.Release|x86.Build.0 = Release|Any CPU
		{35D60586-B7A8-44C1-B3AF-5ACF8F3DC6E9}.Debug|Any CPU.ActiveCfg = Debug|Any CPU
		{35D60586-B7A8-44C1-B3AF-5ACF8F3DC6E9}.Debug|Any CPU.Build.0 = Debug|Any CPU
		{35D60586-B7A8-44C1-B3AF-5ACF8F3DC6E9}.Debug|x64.ActiveCfg = Debug|Any CPU
		{35D60586-B7A8-44C1-B3AF-5ACF8F3DC6E9}.Debug|x64.Build.0 = Debug|Any CPU
		{35D60586-B7A8-44C1-B3AF-5ACF8F3DC6E9}.Debug|x86.ActiveCfg = Debug|Any CPU
		{35D60586-B7A8-44C1-B3AF-5ACF8F3DC6E9}.Debug|x86.Build.0 = Debug|Any CPU
		{35D60586-B7A8-44C1-B3AF-5ACF8F3DC6E9}.Release|Any CPU.ActiveCfg = Release|Any CPU
		{35D60586-B7A8-44C1-B3AF-5ACF8F3DC6E9}.Release|Any CPU.Build.0 = Release|Any CPU
		{35D60586-B7A8-44C1-B3AF-5ACF8F3DC6E9}.Release|x64.ActiveCfg = Release|Any CPU
		{35D60586-B7A8-44C1-B3AF-5ACF8F3DC6E9}.Release|x64.Build.0 = Release|Any CPU
		{35D60586-B7A8-44C1-B3AF-5ACF8F3DC6E9}.Release|x86.ActiveCfg = Release|Any CPU
		{35D60586-B7A8-44C1-B3AF-5ACF8F3DC6E9}.Release|x86.Build.0 = Release|Any CPU
		{0E6E3328-9255-499E-9C48-26DE3F3E59FE}.Debug|Any CPU.ActiveCfg = Debug|Any CPU
		{0E6E3328-9255-499E-9C48-26DE3F3E59FE}.Debug|Any CPU.Build.0 = Debug|Any CPU
		{0E6E3328-9255-499E-9C48-26DE3F3E59FE}.Debug|x64.ActiveCfg = Debug|Any CPU
		{0E6E3328-9255-499E-9C48-26DE3F3E59FE}.Debug|x64.Build.0 = Debug|Any CPU
		{0E6E3328-9255-499E-9C48-26DE3F3E59FE}.Debug|x86.ActiveCfg = Debug|Any CPU
		{0E6E3328-9255-499E-9C48-26DE3F3E59FE}.Debug|x86.Build.0 = Debug|Any CPU
		{0E6E3328-9255-499E-9C48-26DE3F3E59FE}.Release|Any CPU.ActiveCfg = Release|Any CPU
		{0E6E3328-9255-499E-9C48-26DE3F3E59FE}.Release|Any CPU.Build.0 = Release|Any CPU
		{0E6E3328-9255-499E-9C48-26DE3F3E59FE}.Release|x64.ActiveCfg = Release|Any CPU
		{0E6E3328-9255-499E-9C48-26DE3F3E59FE}.Release|x64.Build.0 = Release|Any CPU
		{0E6E3328-9255-499E-9C48-26DE3F3E59FE}.Release|x86.ActiveCfg = Release|Any CPU
		{0E6E3328-9255-499E-9C48-26DE3F3E59FE}.Release|x86.Build.0 = Release|Any CPU
	EndGlobalSection
	GlobalSection(SolutionProperties) = preSolution
		HideSolutionNode = FALSE
	EndGlobalSection
	GlobalSection(NestedProjects) = preSolution
		{FA2C5B9E-7245-42DA-9FF5-94A481DC0746} = {CEB4C9F8-AD24-4C66-BE0F-1D1DCC484373}
		{29CCC377-C748-4D58-B5C1-C5EB16911DCA} = {3B33E333-0758-49E3-AD59-803184E9D9E1}
		{F534FB34-4244-40EE-B7CB-249889F866C9} = {3B33E333-0758-49E3-AD59-803184E9D9E1}
		{D0859B45-2B3D-4336-9F0C-7EF06C74067E} = {AEDC7DE7-3825-4395-B598-87484B5324E7}
		{8F05F96E-8D6A-4839-A015-5C92D1116F48} = {AEDC7DE7-3825-4395-B598-87484B5324E7}
		{35D60586-B7A8-44C1-B3AF-5ACF8F3DC6E9} = {C0822CE1-49C9-4E79-B7A4-6EB3D65E9774}
		{0E6E3328-9255-499E-9C48-26DE3F3E59FE} = {C0822CE1-49C9-4E79-B7A4-6EB3D65E9774}
	EndGlobalSection
	GlobalSection(ExtensibilityGlobals) = postSolution
		SolutionGuid = {AAB7D0DF-DFED-43CB-8EBC-88D09F1B0348}
	EndGlobalSection
EndGlobal
